
Microsoft Visual Studio Solution File, Format Version 12.00
# Visual Studio 15
VisualStudioVersion = 15.0.28307.779
MinimumVisualStudioVersion = 10.0.40219.1
Project("{E24C65DC-7377-472B-9ABA-BC803B73C61A}") = "WebPage1", "WebPage1\", "{B98681A7-4A7B-4EEE-9CCE-CE7E18ED38C1}"
	ProjectSection(WebsiteProperties) = preProject
		TargetFrameworkMoniker = ".NETFramework,Version%3Dv4.6.1"
		Debug.AspNetCompiler.VirtualPath = "/localhost_62725"
		Debug.AspNetCompiler.PhysicalPath = "WebPage1\"
		Debug.AspNetCompiler.TargetPath = "PrecompiledWeb\localhost_62725\"
		Debug.AspNetCompiler.Updateable = "true"
		Debug.AspNetCompiler.ForceOverwrite = "true"
		Debug.AspNetCompiler.FixedNames = "false"
		Debug.AspNetCompiler.Debug = "True"
		Release.AspNetCompiler.VirtualPath = "/localhost_62725"
		Release.AspNetCompiler.PhysicalPath = "WebPage1\"
		Release.AspNetCompiler.TargetPath = "PrecompiledWeb\localhost_62725\"
		Release.AspNetCompiler.Updateable = "true"
		Release.AspNetCompiler.ForceOverwrite = "true"
		Release.AspNetCompiler.FixedNames = "false"
		Release.AspNetCompiler.Debug = "False"
		VWDPort = "62725"
		SlnRelativePath = "WebPage1\"
		DefaultWebSiteLanguage = "Visual Basic"
	EndProjectSection
EndProject
Global
	GlobalSection(SolutionConfigurationPlatforms) = preSolution
		Debug|Any CPU = Debug|Any CPU
	EndGlobalSection
	GlobalSection(ProjectConfigurationPlatforms) = postSolution
		{B98681A7-4A7B-4EEE-9CCE-CE7E18ED38C1}.Debug|Any CPU.ActiveCfg = Debug|Any CPU
		{B98681A7-4A7B-4EEE-9CCE-CE7E18ED38C1}.Debug|Any CPU.Build.0 = Debug|Any CPU
	EndGlobalSection
	GlobalSection(SolutionProperties) = preSolution
		HideSolutionNode = FALSE
	EndGlobalSection
	GlobalSection(ExtensibilityGlobals) = postSolution
		SolutionGuid = {94C624AE-FCE3-4854-A395-B09792E01757}
	EndGlobalSection
EndGlobal
